
Microsoft Visual Studio Solution File, Format Version 12.00
Project("{2150E333-8FDC-42A3-9474-1A3956D46DE8}") = "AuthService", "AuthService", "{F89D9B8B-51EB-4E53-9772-8981575E5A2B}"
EndProject
Project("{FAE04EC0-301F-11D3-BF4B-00C04F79EFBC}") = "Application", "src\AuthService\Application\Application.csproj", "{8DB1C53F-1023-462A-8721-B288634F9E4F}"
EndProject
Project("{2150E333-8FDC-42A3-9474-1A3956D46DE8}") = "EventsService", "EventsService", "{5C792D47-E14D-4ED0-AEB7-2780359C80DC}"
EndProject
Project("{FAE04EC0-301F-11D3-BF4B-00C04F79EFBC}") = "Application", "src\EventsService\Application\Application.csproj", "{AB34F71A-BC6C-4196-AE07-ACA2AF623290}"
EndProject
Project("{FAE04EC0-301F-11D3-BF4B-00C04F79EFBC}") = "Domain", "src\AuthService\Domain\Domain.csproj", "{3BAC8427-A545-4297-815E-65CFC8D56586}"
EndProject
Project("{FAE04EC0-301F-11D3-BF4B-00C04F79EFBC}") = "Domain", "src\EventsService\Domain\Domain.csproj", "{46F6A28D-A1BA-4249-A6F2-48A4A6C6CE2F}"
EndProject
Project("{FAE04EC0-301F-11D3-BF4B-00C04F79EFBC}") = "Infrastructure", "src\EventsService\Infrastructure\Infrastructure.csproj", "{E5F87CA9-2E33-4F0D-A1F4-7E22F5A6A593}"
EndProject
Project("{FAE04EC0-301F-11D3-BF4B-00C04F79EFBC}") = "Infrastructure", "src\AuthService\Infrastructure\Infrastructure.csproj", "{41F7A1C2-A7AB-4361-B797-E1FA565ADB3F}"
EndProject
Project("{FAE04EC0-301F-11D3-BF4B-00C04F79EFBC}") = "Presentation", "src\AuthService\Presentation\Presentation.csproj", "{040F0C75-66D4-4759-B177-CC114FB4A4B2}"
EndProject
Project("{FAE04EC0-301F-11D3-BF4B-00C04F79EFBC}") = "Web", "src\AuthService\Web\Web.csproj", "{B3D4FD52-33F4-4383-B157-6D66E1278B6B}"
EndProject
Project("{FAE04EC0-301F-11D3-BF4B-00C04F79EFBC}") = "Presentation", "src\EventsService\Presentation\Presentation.csproj", "{64E5D758-E0EF-4C87-84EB-DB99A24777C4}"
EndProject
Project("{FAE04EC0-301F-11D3-BF4B-00C04F79EFBC}") = "Web", "src\EventsService\Web\Web.csproj", "{A8F227AF-4429-41B3-94C2-036C4245590D}"
EndProject
Project("{FAE04EC0-301F-11D3-BF4B-00C04F79EFBC}") = "UnitTests", "src\EventsService\Tests\UnitTests\UnitTests.csproj", "{DB20D57B-7A25-4065-8FF2-DF6C4E13DF0F}"
EndProject
Project("{FAE04EC0-301F-11D3-BF4B-00C04F79EFBC}") = "IntegrationTests", "src\EventsService\Tests\IntegrationTests\IntegrationTests.csproj", "{2ED9D5D1-7B8C-486E-BAEF-8719C5A60BFE}"
EndProject
Global
	GlobalSection(NestedProjects) = preSolution
		{8DB1C53F-1023-462A-8721-B288634F9E4F} = {F89D9B8B-51EB-4E53-9772-8981575E5A2B}
		{AB34F71A-BC6C-4196-AE07-ACA2AF623290} = {5C792D47-E14D-4ED0-AEB7-2780359C80DC}
		{3BAC8427-A545-4297-815E-65CFC8D56586} = {F89D9B8B-51EB-4E53-9772-8981575E5A2B}
		{46F6A28D-A1BA-4249-A6F2-48A4A6C6CE2F} = {5C792D47-E14D-4ED0-AEB7-2780359C80DC}
		{E5F87CA9-2E33-4F0D-A1F4-7E22F5A6A593} = {5C792D47-E14D-4ED0-AEB7-2780359C80DC}
		{41F7A1C2-A7AB-4361-B797-E1FA565ADB3F} = {F89D9B8B-51EB-4E53-9772-8981575E5A2B}
		{040F0C75-66D4-4759-B177-CC114FB4A4B2} = {F89D9B8B-51EB-4E53-9772-8981575E5A2B}
		{B3D4FD52-33F4-4383-B157-6D66E1278B6B} = {F89D9B8B-51EB-4E53-9772-8981575E5A2B}
		{64E5D758-E0EF-4C87-84EB-DB99A24777C4} = {5C792D47-E14D-4ED0-AEB7-2780359C80DC}
		{A8F227AF-4429-41B3-94C2-036C4245590D} = {5C792D47-E14D-4ED0-AEB7-2780359C80DC}
		{DB20D57B-7A25-4065-8FF2-DF6C4E13DF0F} = {5C792D47-E14D-4ED0-AEB7-2780359C80DC}
		{2ED9D5D1-7B8C-486E-BAEF-8719C5A60BFE} = {5C792D47-E14D-4ED0-AEB7-2780359C80DC}
	EndGlobalSection
	GlobalSection(ProjectConfigurationPlatforms) = postSolution
	EndGlobalSection
EndGlobal
